
Microsoft Visual Studio Solution File, Format Version 12.00
# Visual Studio Version 17
VisualStudioVersion = 17.7.34018.315
MinimumVisualStudioVersion = 10.0.40219.1
Project("{FAE04EC0-301F-11D3-BF4B-00C04F79EFBC}") = "MATH", "MATH\MATH.csproj", "{08CA575E-7337-405D-B900-59807E651664}"
EndProject
Global
	GlobalSection(SolutionConfigurationPlatforms) = preSolution
		Debug|Any CPU = Debug|Any CPU
		Release|Any CPU = Release|Any CPU
	EndGlobalSection
	GlobalSection(ProjectConfigurationPlatforms) = postSolution
		{08CA575E-7337-405D-B900-59807E651664}.Debug|Any CPU.ActiveCfg = Debug|Any CPU
		{08CA575E-7337-405D-B900-59807E651664}.Debug|Any CPU.Build.0 = Debug|Any CPU
		{08CA575E-7337-405D-B900-59807E651664}.Release|Any CPU.ActiveCfg = Release|Any CPU
		{08CA575E-7337-405D-B900-59807E651664}.Release|Any CPU.Build.0 = Release|Any CPU
	EndGlobalSection
	GlobalSection(SolutionProperties) = preSolution
		HideSolutionNode = FALSE
	EndGlobalSection
	GlobalSection(ExtensibilityGlobals) = postSolution
		SolutionGuid = {96E7E63D-BECE-487A-89BC-A2A173568838}
	EndGlobalSection
EndGlobal
